
Microsoft Visual Studio Solution File, Format Version 12.00
# Visual Studio Version 16
VisualStudioVersion = 16.0.31205.134
MinimumVisualStudioVersion = 10.0.40219.1
Project("{FAE04EC0-301F-11D3-BF4B-00C04F79EFBC}") = "TareaCrud", "TareaCrud\TareaCrud.csproj", "{D0AAD7BE-D852-40F2-BDAC-BB77E7A5FF11}"
EndProject
Global
	GlobalSection(SolutionConfigurationPlatforms) = preSolution
		Debug|Any CPU = Debug|Any CPU
		Release|Any CPU = Release|Any CPU
	EndGlobalSection
	GlobalSection(ProjectConfigurationPlatforms) = postSolution
		{D0AAD7BE-D852-40F2-BDAC-BB77E7A5FF11}.Debug|Any CPU.ActiveCfg = Debug|Any CPU
		{D0AAD7BE-D852-40F2-BDAC-BB77E7A5FF11}.Debug|Any CPU.Build.0 = Debug|Any CPU
		{D0AAD7BE-D852-40F2-BDAC-BB77E7A5FF11}.Release|Any CPU.ActiveCfg = Release|Any CPU
		{D0AAD7BE-D852-40F2-BDAC-BB77E7A5FF11}.Release|Any CPU.Build.0 = Release|Any CPU
	EndGlobalSection
	GlobalSection(SolutionProperties) = preSolution
		HideSolutionNode = FALSE
	EndGlobalSection
	GlobalSection(ExtensibilityGlobals) = postSolution
		SolutionGuid = {1DB7198F-3F8F-444E-A9B4-DAD8464A5BA7}
	EndGlobalSection
EndGlobal
